
Microsoft Visual Studio Solution File, Format Version 12.00
# Visual Studio Version 17
VisualStudioVersion = 17.2.32519.379
MinimumVisualStudioVersion = 10.0.40219.1
Project("{FAE04EC0-301F-11D3-BF4B-00C04F79EFBC}") = "Tutorial.ApiVersioning", "Tutorial.ApiVersioning\Tutorial.ApiVersioning.csproj", "{3E1BE56A-CD1D-4302-80CC-15EFDC75D891}"
EndProject
Global
	GlobalSection(SolutionConfigurationPlatforms) = preSolution
		Debug|Any CPU = Debug|Any CPU
		Release|Any CPU = Release|Any CPU
	EndGlobalSection
	GlobalSection(ProjectConfigurationPlatforms) = postSolution
		{3E1BE56A-CD1D-4302-80CC-15EFDC75D891}.Debug|Any CPU.ActiveCfg = Debug|Any CPU
		{3E1BE56A-CD1D-4302-80CC-15EFDC75D891}.Debug|Any CPU.Build.0 = Debug|Any CPU
		{3E1BE56A-CD1D-4302-80CC-15EFDC75D891}.Release|Any CPU.ActiveCfg = Release|Any CPU
		{3E1BE56A-CD1D-4302-80CC-15EFDC75D891}.Release|Any CPU.Build.0 = Release|Any CPU
	EndGlobalSection
	GlobalSection(SolutionProperties) = preSolution
		HideSolutionNode = FALSE
	EndGlobalSection
	GlobalSection(ExtensibilityGlobals) = postSolution
		SolutionGuid = {31C5523B-E95B-4F90-AEC6-1E29CBA4A4F1}
	EndGlobalSection
EndGlobal
